
Microsoft Visual Studio Solution File, Format Version 12.00
# Visual Studio Version 17
VisualStudioVersion = 17.13.35825.156 d17.13
MinimumVisualStudioVersion = 10.0.40219.1
Project("{FAE04EC0-301F-11D3-BF4B-00C04F79EFBC}") = "HrApp.MVC", "HrApp.MVC\HrApp.MVC.csproj", "{50FC21F7-46E6-4E29-AF61-8A944D8A9175}"
EndProject
Project("{FAE04EC0-301F-11D3-BF4B-00C04F79EFBC}") = "HrApp.Domain", "HrApp.Domain\HrApp.Domain.csproj", "{24339C9C-3B7C-4F71-9F44-C91F62CF5A6F}"
EndProject
Global
	GlobalSection(SolutionConfigurationPlatforms) = preSolution
		Debug|Any CPU = Debug|Any CPU
		Release|Any CPU = Release|Any CPU
	EndGlobalSection
	GlobalSection(ProjectConfigurationPlatforms) = postSolution
		{50FC21F7-46E6-4E29-AF61-8A944D8A9175}.Debug|Any CPU.ActiveCfg = Debug|Any CPU
		{50FC21F7-46E6-4E29-AF61-8A944D8A9175}.Debug|Any CPU.Build.0 = Debug|Any CPU
		{50FC21F7-46E6-4E29-AF61-8A944D8A9175}.Release|Any CPU.ActiveCfg = Release|Any CPU
		{50FC21F7-46E6-4E29-AF61-8A944D8A9175}.Release|Any CPU.Build.0 = Release|Any CPU
		{24339C9C-3B7C-4F71-9F44-C91F62CF5A6F}.Debug|Any CPU.ActiveCfg = Debug|Any CPU
		{24339C9C-3B7C-4F71-9F44-C91F62CF5A6F}.Debug|Any CPU.Build.0 = Debug|Any CPU
		{24339C9C-3B7C-4F71-9F44-C91F62CF5A6F}.Release|Any CPU.ActiveCfg = Release|Any CPU
		{24339C9C-3B7C-4F71-9F44-C91F62CF5A6F}.Release|Any CPU.Build.0 = Release|Any CPU
	EndGlobalSection
	GlobalSection(SolutionProperties) = preSolution
		HideSolutionNode = FALSE
	EndGlobalSection
	GlobalSection(ExtensibilityGlobals) = postSolution
		SolutionGuid = {95B417AA-C7F8-4245-BB21-9DA68F648CAC}
	EndGlobalSection
EndGlobal
